
Microsoft Visual Studio Solution File, Format Version 12.00
# Visual Studio Version 16
VisualStudioVersion = 16.0.29728.190
MinimumVisualStudioVersion = 10.0.40219.1
Project("{FAE04EC0-301F-11D3-BF4B-00C04F79EFBC}") = "IrishRail.Android", "IrishRail\IrishRail.Android\IrishRail.Android.csproj", "{0D570891-13A8-4C7C-889B-056CC81A2393}"
EndProject
Project("{FAE04EC0-301F-11D3-BF4B-00C04F79EFBC}") = "IrishRail.iOS", "IrishRail\IrishRail.iOS\IrishRail.iOS.csproj", "{CD460073-1C70-42CD-ACA0-AC7A75DAD77A}"
EndProject
Project("{FAE04EC0-301F-11D3-BF4B-00C04F79EFBC}") = "IrishRail", "IrishRail\IrishRail\IrishRail.csproj", "{EC870AB0-4D95-47E6-84BE-C896A0146D7B}"
EndProject
Global
	GlobalSection(SolutionConfigurationPlatforms) = preSolution
		Debug|Any CPU = Debug|Any CPU
		Debug|iPhone = Debug|iPhone
		Debug|iPhoneSimulator = Debug|iPhoneSimulator
		Release|Any CPU = Release|Any CPU
		Release|iPhone = Release|iPhone
		Release|iPhoneSimulator = Release|iPhoneSimulator
	EndGlobalSection
	GlobalSection(ProjectConfigurationPlatforms) = postSolution
		{0D570891-13A8-4C7C-889B-056CC81A2393}.Debug|Any CPU.ActiveCfg = Debug|Any CPU
		{0D570891-13A8-4C7C-889B-056CC81A2393}.Debug|Any CPU.Build.0 = Debug|Any CPU
		{0D570891-13A8-4C7C-889B-056CC81A2393}.Debug|Any CPU.Deploy.0 = Debug|Any CPU
		{0D570891-13A8-4C7C-889B-056CC81A2393}.Debug|iPhone.ActiveCfg = Debug|Any CPU
		{0D570891-13A8-4C7C-889B-056CC81A2393}.Debug|iPhone.Build.0 = Debug|Any CPU
		{0D570891-13A8-4C7C-889B-056CC81A2393}.Debug|iPhone.Deploy.0 = Debug|Any CPU
		{0D570891-13A8-4C7C-889B-056CC81A2393}.Debug|iPhoneSimulator.ActiveCfg = Debug|Any CPU
		{0D570891-13A8-4C7C-889B-056CC81A2393}.Debug|iPhoneSimulator.Build.0 = Debug|Any CPU
		{0D570891-13A8-4C7C-889B-056CC81A2393}.Debug|iPhoneSimulator.Deploy.0 = Debug|Any CPU
		{0D570891-13A8-4C7C-889B-056CC81A2393}.Release|Any CPU.ActiveCfg = Release|Any CPU
		{0D570891-13A8-4C7C-889B-056CC81A2393}.Release|Any CPU.Build.0 = Release|Any CPU
		{0D570891-13A8-4C7C-889B-056CC81A2393}.Release|Any CPU.Deploy.0 = Release|Any CPU
		{0D570891-13A8-4C7C-889B-056CC81A2393}.Release|iPhone.ActiveCfg = Release|Any CPU
		{0D570891-13A8-4C7C-889B-056CC81A2393}.Release|iPhone.Build.0 = Release|Any CPU
		{0D570891-13A8-4C7C-889B-056CC81A2393}.Release|iPhone.Deploy.0 = Release|Any CPU
		{0D570891-13A8-4C7C-889B-056CC81A2393}.Release|iPhoneSimulator.ActiveCfg = Release|Any CPU
		{0D570891-13A8-4C7C-889B-056CC81A2393}.Release|iPhoneSimulator.Build.0 = Release|Any CPU
		{0D570891-13A8-4C7C-889B-056CC81A2393}.Release|iPhoneSimulator.Deploy.0 = Release|Any CPU
		{CD460073-1C70-42CD-ACA0-AC7A75DAD77A}.Debug|Any CPU.ActiveCfg = Debug|iPhoneSimulator
		{CD460073-1C70-42CD-ACA0-AC7A75DAD77A}.Debug|Any CPU.Build.0 = Debug|iPhoneSimulator
		{CD460073-1C70-42CD-ACA0-AC7A75DAD77A}.Debug|Any CPU.Deploy.0 = Debug|iPhoneSimulator
		{CD460073-1C70-42CD-ACA0-AC7A75DAD77A}.Debug|iPhone.ActiveCfg = Debug|iPhone
		{CD460073-1C70-42CD-ACA0-AC7A75DAD77A}.Debug|iPhone.Build.0 = Debug|iPhone
		{CD460073-1C70-42CD-ACA0-AC7A75DAD77A}.Debug|iPhone.Deploy.0 = Debug|iPhone
		{CD460073-1C70-42CD-ACA0-AC7A75DAD77A}.Debug|iPhoneSimulator.ActiveCfg = Debug|iPhoneSimulator
		{CD460073-1C70-42CD-ACA0-AC7A75DAD77A}.Debug|iPhoneSimulator.Build.0 = Debug|iPhoneSimulator
		{CD460073-1C70-42CD-ACA0-AC7A75DAD77A}.Debug|iPhoneSimulator.Deploy.0 = Debug|iPhoneSimulator
		{CD460073-1C70-42CD-ACA0-AC7A75DAD77A}.Release|Any CPU.ActiveCfg = Release|iPhone
		{CD460073-1C70-42CD-ACA0-AC7A75DAD77A}.Release|Any CPU.Build.0 = Release|iPhone
		{CD460073-1C70-42CD-ACA0-AC7A75DAD77A}.Release|Any CPU.Deploy.0 = Release|iPhone
		{CD460073-1C70-42CD-ACA0-AC7A75DAD77A}.Release|iPhone.ActiveCfg = Release|iPhone
		{CD460073-1C70-42CD-ACA0-AC7A75DAD77A}.Release|iPhone.Build.0 = Release|iPhone
		{CD460073-1C70-42CD-ACA0-AC7A75DAD77A}.Release|iPhone.Deploy.0 = Release|iPhone
		{CD460073-1C70-42CD-ACA0-AC7A75DAD77A}.Release|iPhoneSimulator.ActiveCfg = Release|iPhoneSimulator
		{CD460073-1C70-42CD-ACA0-AC7A75DAD77A}.Release|iPhoneSimulator.Build.0 = Release|iPhoneSimulator
		{CD460073-1C70-42CD-ACA0-AC7A75DAD77A}.Release|iPhoneSimulator.Deploy.0 = Release|iPhoneSimulator
		{EC870AB0-4D95-47E6-84BE-C896A0146D7B}.Debug|Any CPU.ActiveCfg = Debug|Any CPU
		{EC870AB0-4D95-47E6-84BE-C896A0146D7B}.Debug|Any CPU.Build.0 = Debug|Any CPU
		{EC870AB0-4D95-47E6-84BE-C896A0146D7B}.Debug|Any CPU.Deploy.0 = Debug|Any CPU
		{EC870AB0-4D95-47E6-84BE-C896A0146D7B}.Debug|iPhone.ActiveCfg = Debug|Any CPU
		{EC870AB0-4D95-47E6-84BE-C896A0146D7B}.Debug|iPhone.Build.0 = Debug|Any CPU
		{EC870AB0-4D95-47E6-84BE-C896A0146D7B}.Debug|iPhone.Deploy.0 = Debug|Any CPU
		{EC870AB0-4D95-47E6-84BE-C896A0146D7B}.Debug|iPhoneSimulator.ActiveCfg = Debug|Any CPU
		{EC870AB0-4D95-47E6-84BE-C896A0146D7B}.Debug|iPhoneSimulator.Build.0 = Debug|Any CPU
		{EC870AB0-4D95-47E6-84BE-C896A0146D7B}.Debug|iPhoneSimulator.Deploy.0 = Debug|Any CPU
		{EC870AB0-4D95-47E6-84BE-C896A0146D7B}.Release|Any CPU.ActiveCfg = Release|Any CPU
		{EC870AB0-4D95-47E6-84BE-C896A0146D7B}.Release|Any CPU.Build.0 = Release|Any CPU
		{EC870AB0-4D95-47E6-84BE-C896A0146D7B}.Release|Any CPU.Deploy.0 = Release|Any CPU
		{EC870AB0-4D95-47E6-84BE-C896A0146D7B}.Release|iPhone.ActiveCfg = Release|Any CPU
		{EC870AB0-4D95-47E6-84BE-C896A0146D7B}.Release|iPhone.Build.0 = Release|Any CPU
		{EC870AB0-4D95-47E6-84BE-C896A0146D7B}.Release|iPhone.Deploy.0 = Release|Any CPU
		{EC870AB0-4D95-47E6-84BE-C896A0146D7B}.Release|iPhoneSimulator.ActiveCfg = Release|Any CPU
		{EC870AB0-4D95-47E6-84BE-C896A0146D7B}.Release|iPhoneSimulator.Build.0 = Release|Any CPU
		{EC870AB0-4D95-47E6-84BE-C896A0146D7B}.Release|iPhoneSimulator.Deploy.0 = Release|Any CPU
	EndGlobalSection
	GlobalSection(SolutionProperties) = preSolution
		HideSolutionNode = FALSE
	EndGlobalSection
	GlobalSection(ExtensibilityGlobals) = postSolution
		SolutionGuid = {90E77A60-6127-43C5-9CFB-D9DD5305388E}
	EndGlobalSection
EndGlobal
